
Microsoft Visual Studio Solution File, Format Version 12.00
# Visual Studio Version 16
VisualStudioVersion = 16.0.29905.134
MinimumVisualStudioVersion = 10.0.40219.1
Project("{FAE04EC0-301F-11D3-BF4B-00C04F79EFBC}") = "TemaExemploListas", "TemaExemploListas\TemaExemploListas.csproj", "{C89A0704-223C-454B-B743-042A14F18DC2}"
EndProject
Global
	GlobalSection(SolutionConfigurationPlatforms) = preSolution
		Debug|Any CPU = Debug|Any CPU
		Release|Any CPU = Release|Any CPU
	EndGlobalSection
	GlobalSection(ProjectConfigurationPlatforms) = postSolution
		{C89A0704-223C-454B-B743-042A14F18DC2}.Debug|Any CPU.ActiveCfg = Debug|Any CPU
		{C89A0704-223C-454B-B743-042A14F18DC2}.Debug|Any CPU.Build.0 = Debug|Any CPU
		{C89A0704-223C-454B-B743-042A14F18DC2}.Release|Any CPU.ActiveCfg = Release|Any CPU
		{C89A0704-223C-454B-B743-042A14F18DC2}.Release|Any CPU.Build.0 = Release|Any CPU
	EndGlobalSection
	GlobalSection(SolutionProperties) = preSolution
		HideSolutionNode = FALSE
	EndGlobalSection
	GlobalSection(ExtensibilityGlobals) = postSolution
		SolutionGuid = {F7FE4866-F4A1-4704-A48D-F84CD485A1FD}
	EndGlobalSection
EndGlobal
